
Microsoft Visual Studio Solution File, Format Version 12.00
# Visual Studio Version 17
VisualStudioVersion = 17.4.33205.214
MinimumVisualStudioVersion = 10.0.40219.1
Project("{9A19103F-16F7-4668-BE54-9A1E7A4F7556}") = "Core", "Core\Core.csproj", "{EB99CCD9-6926-454A-8DF7-EC60824B0F25}"
EndProject
Project("{2150E333-8FDC-42A3-9474-1A3956D46DE8}") = "Tests", "Tests", "{857E27B1-B18E-40BC-AF85-7273ADAC1EB4}"
EndProject
Project("{9A19103F-16F7-4668-BE54-9A1E7A4F7556}") = "Core.Test", "Core.Test\Core.Test.csproj", "{1E41D3B2-0342-4A95-845F-3FD446E7FC17}"
EndProject
Project("{9A19103F-16F7-4668-BE54-9A1E7A4F7556}") = "PostgresRepository", "PostgresRepository\PostgresRepository.csproj", "{12EDDE67-2258-4488-A95C-9646D61169F7}"
EndProject
Project("{9A19103F-16F7-4668-BE54-9A1E7A4F7556}") = "Postgres.Test", "EF.Test\Postgres.Test.csproj", "{4315EA04-C4AA-469C-B0C1-46CA87E6F12E}"
EndProject
Project("{9A19103F-16F7-4668-BE54-9A1E7A4F7556}") = "Services", "Services\Services.csproj", "{84C29FAC-C500-49EF-A284-1F270E915C06}"
EndProject
Project("{9A19103F-16F7-4668-BE54-9A1E7A4F7556}") = "Services.Test", "Services.Test\Services.Test.csproj", "{4445414F-5489-4DE8-9DC3-8F2B9F20D432}"
EndProject
Project("{9A19103F-16F7-4668-BE54-9A1E7A4F7556}") = "UI", "UI\UI.csproj", "{10DFF6E5-19EC-4550-AD08-2A37DFA9C0F7}"
EndProject
Global
	GlobalSection(SolutionConfigurationPlatforms) = preSolution
		Debug|Any CPU = Debug|Any CPU
		Release|Any CPU = Release|Any CPU
	EndGlobalSection
	GlobalSection(ProjectConfigurationPlatforms) = postSolution
		{EB99CCD9-6926-454A-8DF7-EC60824B0F25}.Debug|Any CPU.ActiveCfg = Debug|Any CPU
		{EB99CCD9-6926-454A-8DF7-EC60824B0F25}.Debug|Any CPU.Build.0 = Debug|Any CPU
		{EB99CCD9-6926-454A-8DF7-EC60824B0F25}.Release|Any CPU.ActiveCfg = Release|Any CPU
		{EB99CCD9-6926-454A-8DF7-EC60824B0F25}.Release|Any CPU.Build.0 = Release|Any CPU
		{1E41D3B2-0342-4A95-845F-3FD446E7FC17}.Debug|Any CPU.ActiveCfg = Debug|Any CPU
		{1E41D3B2-0342-4A95-845F-3FD446E7FC17}.Debug|Any CPU.Build.0 = Debug|Any CPU
		{1E41D3B2-0342-4A95-845F-3FD446E7FC17}.Release|Any CPU.ActiveCfg = Release|Any CPU
		{1E41D3B2-0342-4A95-845F-3FD446E7FC17}.Release|Any CPU.Build.0 = Release|Any CPU
		{12EDDE67-2258-4488-A95C-9646D61169F7}.Debug|Any CPU.ActiveCfg = Debug|Any CPU
		{12EDDE67-2258-4488-A95C-9646D61169F7}.Debug|Any CPU.Build.0 = Debug|Any CPU
		{12EDDE67-2258-4488-A95C-9646D61169F7}.Release|Any CPU.ActiveCfg = Release|Any CPU
		{12EDDE67-2258-4488-A95C-9646D61169F7}.Release|Any CPU.Build.0 = Release|Any CPU
		{4315EA04-C4AA-469C-B0C1-46CA87E6F12E}.Debug|Any CPU.ActiveCfg = Debug|Any CPU
		{4315EA04-C4AA-469C-B0C1-46CA87E6F12E}.Debug|Any CPU.Build.0 = Debug|Any CPU
		{4315EA04-C4AA-469C-B0C1-46CA87E6F12E}.Release|Any CPU.ActiveCfg = Release|Any CPU
		{4315EA04-C4AA-469C-B0C1-46CA87E6F12E}.Release|Any CPU.Build.0 = Release|Any CPU
		{84C29FAC-C500-49EF-A284-1F270E915C06}.Debug|Any CPU.ActiveCfg = Debug|Any CPU
		{84C29FAC-C500-49EF-A284-1F270E915C06}.Debug|Any CPU.Build.0 = Debug|Any CPU
		{84C29FAC-C500-49EF-A284-1F270E915C06}.Release|Any CPU.ActiveCfg = Release|Any CPU
		{84C29FAC-C500-49EF-A284-1F270E915C06}.Release|Any CPU.Build.0 = Release|Any CPU
		{4445414F-5489-4DE8-9DC3-8F2B9F20D432}.Debug|Any CPU.ActiveCfg = Debug|Any CPU
		{4445414F-5489-4DE8-9DC3-8F2B9F20D432}.Debug|Any CPU.Build.0 = Debug|Any CPU
		{4445414F-5489-4DE8-9DC3-8F2B9F20D432}.Release|Any CPU.ActiveCfg = Release|Any CPU
		{4445414F-5489-4DE8-9DC3-8F2B9F20D432}.Release|Any CPU.Build.0 = Release|Any CPU
		{10DFF6E5-19EC-4550-AD08-2A37DFA9C0F7}.Debug|Any CPU.ActiveCfg = Debug|Any CPU
		{10DFF6E5-19EC-4550-AD08-2A37DFA9C0F7}.Debug|Any CPU.Build.0 = Debug|Any CPU
		{10DFF6E5-19EC-4550-AD08-2A37DFA9C0F7}.Debug|Any CPU.Deploy.0 = Debug|Any CPU
		{10DFF6E5-19EC-4550-AD08-2A37DFA9C0F7}.Release|Any CPU.ActiveCfg = Release|Any CPU
		{10DFF6E5-19EC-4550-AD08-2A37DFA9C0F7}.Release|Any CPU.Build.0 = Release|Any CPU
		{10DFF6E5-19EC-4550-AD08-2A37DFA9C0F7}.Release|Any CPU.Deploy.0 = Release|Any CPU
	EndGlobalSection
	GlobalSection(SolutionProperties) = preSolution
		HideSolutionNode = FALSE
	EndGlobalSection
	GlobalSection(NestedProjects) = preSolution
		{1E41D3B2-0342-4A95-845F-3FD446E7FC17} = {857E27B1-B18E-40BC-AF85-7273ADAC1EB4}
		{4315EA04-C4AA-469C-B0C1-46CA87E6F12E} = {857E27B1-B18E-40BC-AF85-7273ADAC1EB4}
		{4445414F-5489-4DE8-9DC3-8F2B9F20D432} = {857E27B1-B18E-40BC-AF85-7273ADAC1EB4}
	EndGlobalSection
	GlobalSection(ExtensibilityGlobals) = postSolution
		SolutionGuid = {98BED49B-1927-47B6-BFC2-949BD346DEE2}
	EndGlobalSection
EndGlobal
